
Microsoft Visual Studio Solution File, Format Version 12.00
# Visual Studio Version 16
VisualStudioVersion = 16.0.33214.272
MinimumVisualStudioVersion = 10.0.40219.1
Project("{FAE04EC0-301F-11D3-BF4B-00C04F79EFBC}") = "05-Constructor_Metotlar_2", "05-Constructor_Metotlar_2.csproj", "{4BAA409A-9A11-4A98-B949-745FB6C2AD7F}"
EndProject
Global
	GlobalSection(SolutionConfigurationPlatforms) = preSolution
		Debug|Any CPU = Debug|Any CPU
		Release|Any CPU = Release|Any CPU
	EndGlobalSection
	GlobalSection(ProjectConfigurationPlatforms) = postSolution
		{4BAA409A-9A11-4A98-B949-745FB6C2AD7F}.Debug|Any CPU.ActiveCfg = Debug|Any CPU
		{4BAA409A-9A11-4A98-B949-745FB6C2AD7F}.Debug|Any CPU.Build.0 = Debug|Any CPU
		{4BAA409A-9A11-4A98-B949-745FB6C2AD7F}.Release|Any CPU.ActiveCfg = Release|Any CPU
		{4BAA409A-9A11-4A98-B949-745FB6C2AD7F}.Release|Any CPU.Build.0 = Release|Any CPU
	EndGlobalSection
	GlobalSection(SolutionProperties) = preSolution
		HideSolutionNode = FALSE
	EndGlobalSection
	GlobalSection(ExtensibilityGlobals) = postSolution
		SolutionGuid = {8ED143C4-F8D2-410E-AB65-FC5F2E8D28B0}
	EndGlobalSection
EndGlobal
