
Microsoft Visual Studio Solution File, Format Version 12.00
# Visual Studio Version 16
VisualStudioVersion = 16.0.33214.272
MinimumVisualStudioVersion = 10.0.40219.1
Project("{FAE04EC0-301F-11D3-BF4B-00C04F79EFBC}") = "11-Donguler_2", "11-Donguler_2.csproj", "{016D045D-A911-4E4D-9CF1-48938EBE4C87}"
EndProject
Global
	GlobalSection(SolutionConfigurationPlatforms) = preSolution
		Debug|Any CPU = Debug|Any CPU
		Release|Any CPU = Release|Any CPU
	EndGlobalSection
	GlobalSection(ProjectConfigurationPlatforms) = postSolution
		{016D045D-A911-4E4D-9CF1-48938EBE4C87}.Debug|Any CPU.ActiveCfg = Debug|Any CPU
		{016D045D-A911-4E4D-9CF1-48938EBE4C87}.Debug|Any CPU.Build.0 = Debug|Any CPU
		{016D045D-A911-4E4D-9CF1-48938EBE4C87}.Release|Any CPU.ActiveCfg = Release|Any CPU
		{016D045D-A911-4E4D-9CF1-48938EBE4C87}.Release|Any CPU.Build.0 = Release|Any CPU
	EndGlobalSection
	GlobalSection(SolutionProperties) = preSolution
		HideSolutionNode = FALSE
	EndGlobalSection
	GlobalSection(ExtensibilityGlobals) = postSolution
		SolutionGuid = {981BBFB2-3FCB-4981-A778-D72E1F5034AF}
	EndGlobalSection
EndGlobal
