
Microsoft Visual Studio Solution File, Format Version 12.00
# Visual Studio Version 16
VisualStudioVersion = 16.0.33214.272
MinimumVisualStudioVersion = 10.0.40219.1
Project("{FAE04EC0-301F-11D3-BF4B-00C04F79EFBC}") = "03-Kup_Hesaplayan_Metot", "03-Kup_Hesaplayan_Metot.csproj", "{FE5DA820-F39D-464E-B81D-D10F533ED8D1}"
EndProject
Global
	GlobalSection(SolutionConfigurationPlatforms) = preSolution
		Debug|Any CPU = Debug|Any CPU
		Release|Any CPU = Release|Any CPU
	EndGlobalSection
	GlobalSection(ProjectConfigurationPlatforms) = postSolution
		{FE5DA820-F39D-464E-B81D-D10F533ED8D1}.Debug|Any CPU.ActiveCfg = Debug|Any CPU
		{FE5DA820-F39D-464E-B81D-D10F533ED8D1}.Debug|Any CPU.Build.0 = Debug|Any CPU
		{FE5DA820-F39D-464E-B81D-D10F533ED8D1}.Release|Any CPU.ActiveCfg = Release|Any CPU
		{FE5DA820-F39D-464E-B81D-D10F533ED8D1}.Release|Any CPU.Build.0 = Release|Any CPU
	EndGlobalSection
	GlobalSection(SolutionProperties) = preSolution
		HideSolutionNode = FALSE
	EndGlobalSection
	GlobalSection(ExtensibilityGlobals) = postSolution
		SolutionGuid = {1C22CA80-461A-4A19-AA12-E72FDE009954}
	EndGlobalSection
EndGlobal
