
Microsoft Visual Studio Solution File, Format Version 12.00
# Visual Studio Version 16
VisualStudioVersion = 16.0.33214.272
MinimumVisualStudioVersion = 10.0.40219.1
Project("{FAE04EC0-301F-11D3-BF4B-00C04F79EFBC}") = "16-Diziler_4", "16-Diziler_4.csproj", "{9113CCD8-3F1F-47E4-BFDF-76D309D8BFC5}"
EndProject
Global
	GlobalSection(SolutionConfigurationPlatforms) = preSolution
		Debug|Any CPU = Debug|Any CPU
		Release|Any CPU = Release|Any CPU
	EndGlobalSection
	GlobalSection(ProjectConfigurationPlatforms) = postSolution
		{9113CCD8-3F1F-47E4-BFDF-76D309D8BFC5}.Debug|Any CPU.ActiveCfg = Debug|Any CPU
		{9113CCD8-3F1F-47E4-BFDF-76D309D8BFC5}.Debug|Any CPU.Build.0 = Debug|Any CPU
		{9113CCD8-3F1F-47E4-BFDF-76D309D8BFC5}.Release|Any CPU.ActiveCfg = Release|Any CPU
		{9113CCD8-3F1F-47E4-BFDF-76D309D8BFC5}.Release|Any CPU.Build.0 = Release|Any CPU
	EndGlobalSection
	GlobalSection(SolutionProperties) = preSolution
		HideSolutionNode = FALSE
	EndGlobalSection
	GlobalSection(ExtensibilityGlobals) = postSolution
		SolutionGuid = {3112E6CF-2617-4EB3-BB3E-86D2DF017C23}
	EndGlobalSection
EndGlobal
