
Microsoft Visual Studio Solution File, Format Version 12.00
# Visual Studio Version 16
VisualStudioVersion = 16.0.33214.272
MinimumVisualStudioVersion = 10.0.40219.1
Project("{FAE04EC0-301F-11D3-BF4B-00C04F79EFBC}") = "02-CodeFirst", "02-CodeFirst.csproj", "{15453656-7C5A-42F8-9B81-E09DC4F26C41}"
EndProject
Global
	GlobalSection(SolutionConfigurationPlatforms) = preSolution
		Debug|Any CPU = Debug|Any CPU
		Release|Any CPU = Release|Any CPU
	EndGlobalSection
	GlobalSection(ProjectConfigurationPlatforms) = postSolution
		{15453656-7C5A-42F8-9B81-E09DC4F26C41}.Debug|Any CPU.ActiveCfg = Debug|Any CPU
		{15453656-7C5A-42F8-9B81-E09DC4F26C41}.Debug|Any CPU.Build.0 = Debug|Any CPU
		{15453656-7C5A-42F8-9B81-E09DC4F26C41}.Release|Any CPU.ActiveCfg = Release|Any CPU
		{15453656-7C5A-42F8-9B81-E09DC4F26C41}.Release|Any CPU.Build.0 = Release|Any CPU
	EndGlobalSection
	GlobalSection(SolutionProperties) = preSolution
		HideSolutionNode = FALSE
	EndGlobalSection
	GlobalSection(ExtensibilityGlobals) = postSolution
		SolutionGuid = {8A20B6F8-6A92-4270-A2BF-9AD8AFCF8BC4}
	EndGlobalSection
EndGlobal
