
Microsoft Visual Studio Solution File, Format Version 12.00
# Visual Studio Version 16
VisualStudioVersion = 16.0.33214.272
MinimumVisualStudioVersion = 10.0.40219.1
Project("{FAE04EC0-301F-11D3-BF4B-00C04F79EFBC}") = "23-Arka_Plan_Rengi_Degistirme", "23-Arka_Plan_Rengi_Degistirme.csproj", "{1CCC3D83-5834-4843-B344-9C1E6D34ABB7}"
EndProject
Global
	GlobalSection(SolutionConfigurationPlatforms) = preSolution
		Debug|Any CPU = Debug|Any CPU
		Release|Any CPU = Release|Any CPU
	EndGlobalSection
	GlobalSection(ProjectConfigurationPlatforms) = postSolution
		{1CCC3D83-5834-4843-B344-9C1E6D34ABB7}.Debug|Any CPU.ActiveCfg = Debug|Any CPU
		{1CCC3D83-5834-4843-B344-9C1E6D34ABB7}.Debug|Any CPU.Build.0 = Debug|Any CPU
		{1CCC3D83-5834-4843-B344-9C1E6D34ABB7}.Release|Any CPU.ActiveCfg = Release|Any CPU
		{1CCC3D83-5834-4843-B344-9C1E6D34ABB7}.Release|Any CPU.Build.0 = Release|Any CPU
	EndGlobalSection
	GlobalSection(SolutionProperties) = preSolution
		HideSolutionNode = FALSE
	EndGlobalSection
	GlobalSection(ExtensibilityGlobals) = postSolution
		SolutionGuid = {1A6F8C74-3D54-4692-807B-FFE924464C18}
	EndGlobalSection
EndGlobal
