
Microsoft Visual Studio Solution File, Format Version 12.00
# Visual Studio Version 16
VisualStudioVersion = 16.0.33214.272
MinimumVisualStudioVersion = 10.0.40219.1
Project("{FAE04EC0-301F-11D3-BF4B-00C04F79EFBC}") = "14-Diziler_2", "14-Diziler_2.csproj", "{90ED4E28-F855-458B-9C80-55531C68F233}"
EndProject
Global
	GlobalSection(SolutionConfigurationPlatforms) = preSolution
		Debug|Any CPU = Debug|Any CPU
		Release|Any CPU = Release|Any CPU
	EndGlobalSection
	GlobalSection(ProjectConfigurationPlatforms) = postSolution
		{90ED4E28-F855-458B-9C80-55531C68F233}.Debug|Any CPU.ActiveCfg = Debug|Any CPU
		{90ED4E28-F855-458B-9C80-55531C68F233}.Debug|Any CPU.Build.0 = Debug|Any CPU
		{90ED4E28-F855-458B-9C80-55531C68F233}.Release|Any CPU.ActiveCfg = Release|Any CPU
		{90ED4E28-F855-458B-9C80-55531C68F233}.Release|Any CPU.Build.0 = Release|Any CPU
	EndGlobalSection
	GlobalSection(SolutionProperties) = preSolution
		HideSolutionNode = FALSE
	EndGlobalSection
	GlobalSection(ExtensibilityGlobals) = postSolution
		SolutionGuid = {CECD39A0-E598-4438-BFA6-5C793375795F}
	EndGlobalSection
EndGlobal
