
Microsoft Visual Studio Solution File, Format Version 12.00
# Visual Studio Version 16
VisualStudioVersion = 16.0.33214.272
MinimumVisualStudioVersion = 10.0.40219.1
Project("{FAE04EC0-301F-11D3-BF4B-00C04F79EFBC}") = "48-Metin_Belgesi_Kayit_Uygulamasi", "48-Metin_Belgesi_Kayit_Uygulamasi.csproj", "{175DCBE6-D738-491C-AC63-8F19AB9CD85D}"
EndProject
Global
	GlobalSection(SolutionConfigurationPlatforms) = preSolution
		Debug|Any CPU = Debug|Any CPU
		Release|Any CPU = Release|Any CPU
	EndGlobalSection
	GlobalSection(ProjectConfigurationPlatforms) = postSolution
		{175DCBE6-D738-491C-AC63-8F19AB9CD85D}.Debug|Any CPU.ActiveCfg = Debug|Any CPU
		{175DCBE6-D738-491C-AC63-8F19AB9CD85D}.Debug|Any CPU.Build.0 = Debug|Any CPU
		{175DCBE6-D738-491C-AC63-8F19AB9CD85D}.Release|Any CPU.ActiveCfg = Release|Any CPU
		{175DCBE6-D738-491C-AC63-8F19AB9CD85D}.Release|Any CPU.Build.0 = Release|Any CPU
	EndGlobalSection
	GlobalSection(SolutionProperties) = preSolution
		HideSolutionNode = FALSE
	EndGlobalSection
	GlobalSection(ExtensibilityGlobals) = postSolution
		SolutionGuid = {1A1B2151-675E-4213-B9E1-896330CFC73D}
	EndGlobalSection
EndGlobal
