
Microsoft Visual Studio Solution File, Format Version 12.00
# Visual Studio Version 16
VisualStudioVersion = 16.0.33214.272
MinimumVisualStudioVersion = 10.0.40219.1
Project("{FAE04EC0-301F-11D3-BF4B-00C04F79EFBC}") = "04-Do_While_Dongusu", "04-Do_While_Dongusu.csproj", "{87418288-F22B-48E7-9873-7A5DE236F620}"
EndProject
Global
	GlobalSection(SolutionConfigurationPlatforms) = preSolution
		Debug|Any CPU = Debug|Any CPU
		Release|Any CPU = Release|Any CPU
	EndGlobalSection
	GlobalSection(ProjectConfigurationPlatforms) = postSolution
		{87418288-F22B-48E7-9873-7A5DE236F620}.Debug|Any CPU.ActiveCfg = Debug|Any CPU
		{87418288-F22B-48E7-9873-7A5DE236F620}.Debug|Any CPU.Build.0 = Debug|Any CPU
		{87418288-F22B-48E7-9873-7A5DE236F620}.Release|Any CPU.ActiveCfg = Release|Any CPU
		{87418288-F22B-48E7-9873-7A5DE236F620}.Release|Any CPU.Build.0 = Release|Any CPU
	EndGlobalSection
	GlobalSection(SolutionProperties) = preSolution
		HideSolutionNode = FALSE
	EndGlobalSection
	GlobalSection(ExtensibilityGlobals) = postSolution
		SolutionGuid = {A0169F76-E587-4F93-AFB0-45F661233B40}
	EndGlobalSection
EndGlobal
