
Microsoft Visual Studio Solution File, Format Version 12.00
# Visual Studio Version 16
VisualStudioVersion = 16.0.33214.272
MinimumVisualStudioVersion = 10.0.40219.1
Project("{FAE04EC0-301F-11D3-BF4B-00C04F79EFBC}") = "49-Boxing_Unboxing", "49-Boxing_Unboxing.csproj", "{B337F466-5BD9-4EC3-AB0C-0DAEB594DACB}"
EndProject
Global
	GlobalSection(SolutionConfigurationPlatforms) = preSolution
		Debug|Any CPU = Debug|Any CPU
		Release|Any CPU = Release|Any CPU
	EndGlobalSection
	GlobalSection(ProjectConfigurationPlatforms) = postSolution
		{B337F466-5BD9-4EC3-AB0C-0DAEB594DACB}.Debug|Any CPU.ActiveCfg = Debug|Any CPU
		{B337F466-5BD9-4EC3-AB0C-0DAEB594DACB}.Debug|Any CPU.Build.0 = Debug|Any CPU
		{B337F466-5BD9-4EC3-AB0C-0DAEB594DACB}.Release|Any CPU.ActiveCfg = Release|Any CPU
		{B337F466-5BD9-4EC3-AB0C-0DAEB594DACB}.Release|Any CPU.Build.0 = Release|Any CPU
	EndGlobalSection
	GlobalSection(SolutionProperties) = preSolution
		HideSolutionNode = FALSE
	EndGlobalSection
	GlobalSection(ExtensibilityGlobals) = postSolution
		SolutionGuid = {2CDF07EC-8A5A-40E5-8B3D-A93A3C015EFE}
	EndGlobalSection
EndGlobal
