
Microsoft Visual Studio Solution File, Format Version 12.00
# Visual Studio Version 16
VisualStudioVersion = 16.0.33214.272
MinimumVisualStudioVersion = 10.0.40219.1
Project("{FAE04EC0-301F-11D3-BF4B-00C04F79EFBC}") = "33-Metotlar_2", "33-Metotlar_2.csproj", "{816C77F9-583E-4C5A-A8C9-19EAE9538EC3}"
EndProject
Global
	GlobalSection(SolutionConfigurationPlatforms) = preSolution
		Debug|Any CPU = Debug|Any CPU
		Release|Any CPU = Release|Any CPU
	EndGlobalSection
	GlobalSection(ProjectConfigurationPlatforms) = postSolution
		{816C77F9-583E-4C5A-A8C9-19EAE9538EC3}.Debug|Any CPU.ActiveCfg = Debug|Any CPU
		{816C77F9-583E-4C5A-A8C9-19EAE9538EC3}.Debug|Any CPU.Build.0 = Debug|Any CPU
		{816C77F9-583E-4C5A-A8C9-19EAE9538EC3}.Release|Any CPU.ActiveCfg = Release|Any CPU
		{816C77F9-583E-4C5A-A8C9-19EAE9538EC3}.Release|Any CPU.Build.0 = Release|Any CPU
	EndGlobalSection
	GlobalSection(SolutionProperties) = preSolution
		HideSolutionNode = FALSE
	EndGlobalSection
	GlobalSection(ExtensibilityGlobals) = postSolution
		SolutionGuid = {959D6E90-4380-4D1C-8476-A1B8A7ABA7CF}
	EndGlobalSection
EndGlobal
