
Microsoft Visual Studio Solution File, Format Version 12.00
# Visual Studio Version 16
VisualStudioVersion = 16.0.33214.272
MinimumVisualStudioVersion = 10.0.40219.1
Project("{FAE04EC0-301F-11D3-BF4B-00C04F79EFBC}") = "09-Switch_Case_Yapisi", "09-Switch_Case_Yapisi.csproj", "{DD0F8D51-3634-43D1-893B-E0048796FCAA}"
EndProject
Global
	GlobalSection(SolutionConfigurationPlatforms) = preSolution
		Debug|Any CPU = Debug|Any CPU
		Release|Any CPU = Release|Any CPU
	EndGlobalSection
	GlobalSection(ProjectConfigurationPlatforms) = postSolution
		{DD0F8D51-3634-43D1-893B-E0048796FCAA}.Debug|Any CPU.ActiveCfg = Debug|Any CPU
		{DD0F8D51-3634-43D1-893B-E0048796FCAA}.Debug|Any CPU.Build.0 = Debug|Any CPU
		{DD0F8D51-3634-43D1-893B-E0048796FCAA}.Release|Any CPU.ActiveCfg = Release|Any CPU
		{DD0F8D51-3634-43D1-893B-E0048796FCAA}.Release|Any CPU.Build.0 = Release|Any CPU
	EndGlobalSection
	GlobalSection(SolutionProperties) = preSolution
		HideSolutionNode = FALSE
	EndGlobalSection
	GlobalSection(ExtensibilityGlobals) = postSolution
		SolutionGuid = {1B40B705-F803-4E93-BBAC-204267092420}
	EndGlobalSection
EndGlobal
