
Microsoft Visual Studio Solution File, Format Version 12.00
# Visual Studio Version 16
VisualStudioVersion = 16.0.33214.272
MinimumVisualStudioVersion = 10.0.40219.1
Project("{FAE04EC0-301F-11D3-BF4B-00C04F79EFBC}") = "37-Siniflar_Kapsulleme", "37-Siniflar_Kapsulleme.csproj", "{F8B68F42-1F03-40D1-B0E0-F8439313D0D5}"
EndProject
Global
	GlobalSection(SolutionConfigurationPlatforms) = preSolution
		Debug|Any CPU = Debug|Any CPU
		Release|Any CPU = Release|Any CPU
	EndGlobalSection
	GlobalSection(ProjectConfigurationPlatforms) = postSolution
		{F8B68F42-1F03-40D1-B0E0-F8439313D0D5}.Debug|Any CPU.ActiveCfg = Debug|Any CPU
		{F8B68F42-1F03-40D1-B0E0-F8439313D0D5}.Debug|Any CPU.Build.0 = Debug|Any CPU
		{F8B68F42-1F03-40D1-B0E0-F8439313D0D5}.Release|Any CPU.ActiveCfg = Release|Any CPU
		{F8B68F42-1F03-40D1-B0E0-F8439313D0D5}.Release|Any CPU.Build.0 = Release|Any CPU
	EndGlobalSection
	GlobalSection(SolutionProperties) = preSolution
		HideSolutionNode = FALSE
	EndGlobalSection
	GlobalSection(ExtensibilityGlobals) = postSolution
		SolutionGuid = {FC80EDDD-57FC-480F-B4BF-E7EA751F7871}
	EndGlobalSection
EndGlobal
