
Microsoft Visual Studio Solution File, Format Version 12.00
# Visual Studio Version 16
VisualStudioVersion = 16.0.33214.272
MinimumVisualStudioVersion = 10.0.40219.1
Project("{FAE04EC0-301F-11D3-BF4B-00C04F79EFBC}") = "08-If_Else_Yapisi_3", "08-If_Else_Yapisi_3.csproj", "{4588288C-15DB-4EF6-8DFB-ABA333163128}"
EndProject
Global
	GlobalSection(SolutionConfigurationPlatforms) = preSolution
		Debug|Any CPU = Debug|Any CPU
		Release|Any CPU = Release|Any CPU
	EndGlobalSection
	GlobalSection(ProjectConfigurationPlatforms) = postSolution
		{4588288C-15DB-4EF6-8DFB-ABA333163128}.Debug|Any CPU.ActiveCfg = Debug|Any CPU
		{4588288C-15DB-4EF6-8DFB-ABA333163128}.Debug|Any CPU.Build.0 = Debug|Any CPU
		{4588288C-15DB-4EF6-8DFB-ABA333163128}.Release|Any CPU.ActiveCfg = Release|Any CPU
		{4588288C-15DB-4EF6-8DFB-ABA333163128}.Release|Any CPU.Build.0 = Release|Any CPU
	EndGlobalSection
	GlobalSection(SolutionProperties) = preSolution
		HideSolutionNode = FALSE
	EndGlobalSection
	GlobalSection(ExtensibilityGlobals) = postSolution
		SolutionGuid = {C729249E-64F0-4F41-8353-42D5F9F64ED3}
	EndGlobalSection
EndGlobal
