
Microsoft Visual Studio Solution File, Format Version 12.00
# Visual Studio Version 16
VisualStudioVersion = 16.0.33214.272
MinimumVisualStudioVersion = 10.0.40219.1
Project("{FAE04EC0-301F-11D3-BF4B-00C04F79EFBC}") = "06-Timer_Saat_Yapimi", "06-Timer_Saat_Yapimi.csproj", "{E75D5E3E-503A-4F53-A50F-CB02A177835F}"
EndProject
Global
	GlobalSection(SolutionConfigurationPlatforms) = preSolution
		Debug|Any CPU = Debug|Any CPU
		Release|Any CPU = Release|Any CPU
	EndGlobalSection
	GlobalSection(ProjectConfigurationPlatforms) = postSolution
		{E75D5E3E-503A-4F53-A50F-CB02A177835F}.Debug|Any CPU.ActiveCfg = Debug|Any CPU
		{E75D5E3E-503A-4F53-A50F-CB02A177835F}.Debug|Any CPU.Build.0 = Debug|Any CPU
		{E75D5E3E-503A-4F53-A50F-CB02A177835F}.Release|Any CPU.ActiveCfg = Release|Any CPU
		{E75D5E3E-503A-4F53-A50F-CB02A177835F}.Release|Any CPU.Build.0 = Release|Any CPU
	EndGlobalSection
	GlobalSection(SolutionProperties) = preSolution
		HideSolutionNode = FALSE
	EndGlobalSection
	GlobalSection(ExtensibilityGlobals) = postSolution
		SolutionGuid = {2FCEF6FC-FC8B-4F16-AFDB-81F1D5666879}
	EndGlobalSection
EndGlobal
