
Microsoft Visual Studio Solution File, Format Version 12.00
# Visual Studio Version 16
VisualStudioVersion = 16.0.33214.272
MinimumVisualStudioVersion = 10.0.40219.1
Project("{FAE04EC0-301F-11D3-BF4B-00C04F79EFBC}") = "30-Yildizlarla_Sekil_Cizme_2", "30-Yildizlarla_Sekil_Cizme_2.csproj", "{A2EF51FB-0EF8-4566-B949-E1EE0C23E28A}"
EndProject
Global
	GlobalSection(SolutionConfigurationPlatforms) = preSolution
		Debug|Any CPU = Debug|Any CPU
		Release|Any CPU = Release|Any CPU
	EndGlobalSection
	GlobalSection(ProjectConfigurationPlatforms) = postSolution
		{A2EF51FB-0EF8-4566-B949-E1EE0C23E28A}.Debug|Any CPU.ActiveCfg = Debug|Any CPU
		{A2EF51FB-0EF8-4566-B949-E1EE0C23E28A}.Debug|Any CPU.Build.0 = Debug|Any CPU
		{A2EF51FB-0EF8-4566-B949-E1EE0C23E28A}.Release|Any CPU.ActiveCfg = Release|Any CPU
		{A2EF51FB-0EF8-4566-B949-E1EE0C23E28A}.Release|Any CPU.Build.0 = Release|Any CPU
	EndGlobalSection
	GlobalSection(SolutionProperties) = preSolution
		HideSolutionNode = FALSE
	EndGlobalSection
	GlobalSection(ExtensibilityGlobals) = postSolution
		SolutionGuid = {CEA19767-A026-474B-A009-E25C696825CF}
	EndGlobalSection
EndGlobal
