
Microsoft Visual Studio Solution File, Format Version 12.00
# Visual Studio Version 16
VisualStudioVersion = 16.0.33214.272
MinimumVisualStudioVersion = 10.0.40219.1
Project("{FAE04EC0-301F-11D3-BF4B-00C04F79EFBC}") = "02-Dizi_Elemanlari_Listeleme", "02-Dizi_Elemanlari_Listeleme.csproj", "{29FC0F7E-E557-4B67-8077-505CEA2DE623}"
EndProject
Global
	GlobalSection(SolutionConfigurationPlatforms) = preSolution
		Debug|Any CPU = Debug|Any CPU
		Release|Any CPU = Release|Any CPU
	EndGlobalSection
	GlobalSection(ProjectConfigurationPlatforms) = postSolution
		{29FC0F7E-E557-4B67-8077-505CEA2DE623}.Debug|Any CPU.ActiveCfg = Debug|Any CPU
		{29FC0F7E-E557-4B67-8077-505CEA2DE623}.Debug|Any CPU.Build.0 = Debug|Any CPU
		{29FC0F7E-E557-4B67-8077-505CEA2DE623}.Release|Any CPU.ActiveCfg = Release|Any CPU
		{29FC0F7E-E557-4B67-8077-505CEA2DE623}.Release|Any CPU.Build.0 = Release|Any CPU
	EndGlobalSection
	GlobalSection(SolutionProperties) = preSolution
		HideSolutionNode = FALSE
	EndGlobalSection
	GlobalSection(ExtensibilityGlobals) = postSolution
		SolutionGuid = {DB4D6796-A15F-45C8-A953-AC4279D6EE2A}
	EndGlobalSection
EndGlobal
