
Microsoft Visual Studio Solution File, Format Version 12.00
# Visual Studio Version 16
VisualStudioVersion = 16.0.33214.272
MinimumVisualStudioVersion = 10.0.40219.1
Project("{FAE04EC0-301F-11D3-BF4B-00C04F79EFBC}") = "34-Metotlar_3", "34-Metotlar_3.csproj", "{DECD4C30-4DAB-423D-B66E-E1B561D8C9BC}"
EndProject
Global
	GlobalSection(SolutionConfigurationPlatforms) = preSolution
		Debug|Any CPU = Debug|Any CPU
		Release|Any CPU = Release|Any CPU
	EndGlobalSection
	GlobalSection(ProjectConfigurationPlatforms) = postSolution
		{DECD4C30-4DAB-423D-B66E-E1B561D8C9BC}.Debug|Any CPU.ActiveCfg = Debug|Any CPU
		{DECD4C30-4DAB-423D-B66E-E1B561D8C9BC}.Debug|Any CPU.Build.0 = Debug|Any CPU
		{DECD4C30-4DAB-423D-B66E-E1B561D8C9BC}.Release|Any CPU.ActiveCfg = Release|Any CPU
		{DECD4C30-4DAB-423D-B66E-E1B561D8C9BC}.Release|Any CPU.Build.0 = Release|Any CPU
	EndGlobalSection
	GlobalSection(SolutionProperties) = preSolution
		HideSolutionNode = FALSE
	EndGlobalSection
	GlobalSection(ExtensibilityGlobals) = postSolution
		SolutionGuid = {5F05345C-DDEB-4F6A-969C-258A99355231}
	EndGlobalSection
EndGlobal
