
Microsoft Visual Studio Solution File, Format Version 12.00
# Visual Studio Version 16
VisualStudioVersion = 16.0.33214.272
MinimumVisualStudioVersion = 10.0.40219.1
Project("{FAE04EC0-301F-11D3-BF4B-00C04F79EFBC}") = "07-Ingılızce_Kelime_Ogren_Projesi", "07-Ingılızce_Kelime_Ogren_Projesi.csproj", "{7CF2C9D6-AF26-41AF-A7B0-8B24A73E1D67}"
EndProject
Global
	GlobalSection(SolutionConfigurationPlatforms) = preSolution
		Debug|Any CPU = Debug|Any CPU
		Release|Any CPU = Release|Any CPU
	EndGlobalSection
	GlobalSection(ProjectConfigurationPlatforms) = postSolution
		{7CF2C9D6-AF26-41AF-A7B0-8B24A73E1D67}.Debug|Any CPU.ActiveCfg = Debug|Any CPU
		{7CF2C9D6-AF26-41AF-A7B0-8B24A73E1D67}.Debug|Any CPU.Build.0 = Debug|Any CPU
		{7CF2C9D6-AF26-41AF-A7B0-8B24A73E1D67}.Release|Any CPU.ActiveCfg = Release|Any CPU
		{7CF2C9D6-AF26-41AF-A7B0-8B24A73E1D67}.Release|Any CPU.Build.0 = Release|Any CPU
	EndGlobalSection
	GlobalSection(SolutionProperties) = preSolution
		HideSolutionNode = FALSE
	EndGlobalSection
	GlobalSection(ExtensibilityGlobals) = postSolution
		SolutionGuid = {8CB4AE5A-CA78-4F03-953C-A5E3F1631DDB}
	EndGlobalSection
EndGlobal
