
Microsoft Visual Studio Solution File, Format Version 12.00
# Visual Studio Version 16
VisualStudioVersion = 16.0.33214.272
MinimumVisualStudioVersion = 10.0.40219.1
Project("{FAE04EC0-301F-11D3-BF4B-00C04F79EFBC}") = "32-Metotlar_1", "32-Metotlar_1.csproj", "{BAB235A2-F2F2-4A48-855C-6A32D64587A1}"
EndProject
Global
	GlobalSection(SolutionConfigurationPlatforms) = preSolution
		Debug|Any CPU = Debug|Any CPU
		Release|Any CPU = Release|Any CPU
	EndGlobalSection
	GlobalSection(ProjectConfigurationPlatforms) = postSolution
		{BAB235A2-F2F2-4A48-855C-6A32D64587A1}.Debug|Any CPU.ActiveCfg = Debug|Any CPU
		{BAB235A2-F2F2-4A48-855C-6A32D64587A1}.Debug|Any CPU.Build.0 = Debug|Any CPU
		{BAB235A2-F2F2-4A48-855C-6A32D64587A1}.Release|Any CPU.ActiveCfg = Release|Any CPU
		{BAB235A2-F2F2-4A48-855C-6A32D64587A1}.Release|Any CPU.Build.0 = Release|Any CPU
	EndGlobalSection
	GlobalSection(SolutionProperties) = preSolution
		HideSolutionNode = FALSE
	EndGlobalSection
	GlobalSection(ExtensibilityGlobals) = postSolution
		SolutionGuid = {5B5DA0DA-76DF-41C9-A5DA-5FF62E33B75C}
	EndGlobalSection
EndGlobal
