
Microsoft Visual Studio Solution File, Format Version 12.00
# Visual Studio Version 16
VisualStudioVersion = 16.0.33214.272
MinimumVisualStudioVersion = 10.0.40219.1
Project("{FAE04EC0-301F-11D3-BF4B-00C04F79EFBC}") = "20-RSS_Haber_Basliklari", "20-RSS_Haber_Basliklari.csproj", "{62F4F618-F125-45EB-A4B6-458F1CEDC02E}"
EndProject
Global
	GlobalSection(SolutionConfigurationPlatforms) = preSolution
		Debug|Any CPU = Debug|Any CPU
		Release|Any CPU = Release|Any CPU
	EndGlobalSection
	GlobalSection(ProjectConfigurationPlatforms) = postSolution
		{62F4F618-F125-45EB-A4B6-458F1CEDC02E}.Debug|Any CPU.ActiveCfg = Debug|Any CPU
		{62F4F618-F125-45EB-A4B6-458F1CEDC02E}.Debug|Any CPU.Build.0 = Debug|Any CPU
		{62F4F618-F125-45EB-A4B6-458F1CEDC02E}.Release|Any CPU.ActiveCfg = Release|Any CPU
		{62F4F618-F125-45EB-A4B6-458F1CEDC02E}.Release|Any CPU.Build.0 = Release|Any CPU
	EndGlobalSection
	GlobalSection(SolutionProperties) = preSolution
		HideSolutionNode = FALSE
	EndGlobalSection
	GlobalSection(ExtensibilityGlobals) = postSolution
		SolutionGuid = {5C8BC69A-49B5-4475-8354-60FDA1EA378B}
	EndGlobalSection
EndGlobal
