
Microsoft Visual Studio Solution File, Format Version 12.00
# Visual Studio Version 16
VisualStudioVersion = 16.0.33214.272
MinimumVisualStudioVersion = 10.0.40219.1
Project("{FAE04EC0-301F-11D3-BF4B-00C04F79EFBC}") = "01-if_else", "01-if_else.csproj", "{E0781E3C-C341-4331-B3C1-CC729CB5D8A4}"
EndProject
Global
	GlobalSection(SolutionConfigurationPlatforms) = preSolution
		Debug|Any CPU = Debug|Any CPU
		Release|Any CPU = Release|Any CPU
	EndGlobalSection
	GlobalSection(ProjectConfigurationPlatforms) = postSolution
		{E0781E3C-C341-4331-B3C1-CC729CB5D8A4}.Debug|Any CPU.ActiveCfg = Debug|Any CPU
		{E0781E3C-C341-4331-B3C1-CC729CB5D8A4}.Debug|Any CPU.Build.0 = Debug|Any CPU
		{E0781E3C-C341-4331-B3C1-CC729CB5D8A4}.Release|Any CPU.ActiveCfg = Release|Any CPU
		{E0781E3C-C341-4331-B3C1-CC729CB5D8A4}.Release|Any CPU.Build.0 = Release|Any CPU
	EndGlobalSection
	GlobalSection(SolutionProperties) = preSolution
		HideSolutionNode = FALSE
	EndGlobalSection
	GlobalSection(ExtensibilityGlobals) = postSolution
		SolutionGuid = {59F0ADC2-8C3B-473E-AF67-B7F207B24A9A}
	EndGlobalSection
EndGlobal
