
Microsoft Visual Studio Solution File, Format Version 12.00
# Visual Studio Version 16
VisualStudioVersion = 16.0.33214.272
MinimumVisualStudioVersion = 10.0.40219.1
Project("{FAE04EC0-301F-11D3-BF4B-00C04F79EFBC}") = "21-Byte_Sbyte_Short_Ushort_Degiskenleri", "21-Byte_Sbyte_Short_Ushort_Degiskenleri.csproj", "{94404D7F-D081-4027-A1E1-440B50706B7A}"
EndProject
Global
	GlobalSection(SolutionConfigurationPlatforms) = preSolution
		Debug|Any CPU = Debug|Any CPU
		Release|Any CPU = Release|Any CPU
	EndGlobalSection
	GlobalSection(ProjectConfigurationPlatforms) = postSolution
		{94404D7F-D081-4027-A1E1-440B50706B7A}.Debug|Any CPU.ActiveCfg = Debug|Any CPU
		{94404D7F-D081-4027-A1E1-440B50706B7A}.Debug|Any CPU.Build.0 = Debug|Any CPU
		{94404D7F-D081-4027-A1E1-440B50706B7A}.Release|Any CPU.ActiveCfg = Release|Any CPU
		{94404D7F-D081-4027-A1E1-440B50706B7A}.Release|Any CPU.Build.0 = Release|Any CPU
	EndGlobalSection
	GlobalSection(SolutionProperties) = preSolution
		HideSolutionNode = FALSE
	EndGlobalSection
	GlobalSection(ExtensibilityGlobals) = postSolution
		SolutionGuid = {459AD341-2D62-40BC-B129-9D9B116FAAF5}
	EndGlobalSection
EndGlobal
