
Microsoft Visual Studio Solution File, Format Version 12.00
# Visual Studio Version 16
VisualStudioVersion = 16.0.33214.272
MinimumVisualStudioVersion = 10.0.40219.1
Project("{FAE04EC0-301F-11D3-BF4B-00C04F79EFBC}") = "11-Mesajlasma_Uygulamasi", "11-Mesajlasma_Uygulamasi.csproj", "{EB055C78-2BD7-4EB1-A4DB-37F1F4E25D29}"
EndProject
Global
	GlobalSection(SolutionConfigurationPlatforms) = preSolution
		Debug|Any CPU = Debug|Any CPU
		Release|Any CPU = Release|Any CPU
	EndGlobalSection
	GlobalSection(ProjectConfigurationPlatforms) = postSolution
		{EB055C78-2BD7-4EB1-A4DB-37F1F4E25D29}.Debug|Any CPU.ActiveCfg = Debug|Any CPU
		{EB055C78-2BD7-4EB1-A4DB-37F1F4E25D29}.Debug|Any CPU.Build.0 = Debug|Any CPU
		{EB055C78-2BD7-4EB1-A4DB-37F1F4E25D29}.Release|Any CPU.ActiveCfg = Release|Any CPU
		{EB055C78-2BD7-4EB1-A4DB-37F1F4E25D29}.Release|Any CPU.Build.0 = Release|Any CPU
	EndGlobalSection
	GlobalSection(SolutionProperties) = preSolution
		HideSolutionNode = FALSE
	EndGlobalSection
	GlobalSection(ExtensibilityGlobals) = postSolution
		SolutionGuid = {E1DB27F6-F957-41B9-A7DF-802E2FC2D8E1}
	EndGlobalSection
EndGlobal
