
Microsoft Visual Studio Solution File, Format Version 12.00
# Visual Studio Version 16
VisualStudioVersion = 16.0.33214.272
MinimumVisualStudioVersion = 10.0.40219.1
Project("{FAE04EC0-301F-11D3-BF4B-00C04F79EFBC}") = "01-Merhaba_Dunya", "01-Merhaba_Dunya.csproj", "{08A4496C-8BB6-4DA0-9040-E00ACF119ACA}"
EndProject
Global
	GlobalSection(SolutionConfigurationPlatforms) = preSolution
		Debug|Any CPU = Debug|Any CPU
		Release|Any CPU = Release|Any CPU
	EndGlobalSection
	GlobalSection(ProjectConfigurationPlatforms) = postSolution
		{08A4496C-8BB6-4DA0-9040-E00ACF119ACA}.Debug|Any CPU.ActiveCfg = Debug|Any CPU
		{08A4496C-8BB6-4DA0-9040-E00ACF119ACA}.Debug|Any CPU.Build.0 = Debug|Any CPU
		{08A4496C-8BB6-4DA0-9040-E00ACF119ACA}.Release|Any CPU.ActiveCfg = Release|Any CPU
		{08A4496C-8BB6-4DA0-9040-E00ACF119ACA}.Release|Any CPU.Build.0 = Release|Any CPU
	EndGlobalSection
	GlobalSection(SolutionProperties) = preSolution
		HideSolutionNode = FALSE
	EndGlobalSection
	GlobalSection(ExtensibilityGlobals) = postSolution
		SolutionGuid = {5E43566A-CDDB-49FE-B2B1-450A6AE88C69}
	EndGlobalSection
EndGlobal
