
Microsoft Visual Studio Solution File, Format Version 12.00
# Visual Studio Version 16
VisualStudioVersion = 16.0.33214.272
MinimumVisualStudioVersion = 10.0.40219.1
Project("{FAE04EC0-301F-11D3-BF4B-00C04F79EFBC}") = "15-Diziler_3_Foreach_Dongusu", "15-Diziler_3_Foreach_Dongusu.csproj", "{391D6986-8A50-437B-AC21-20237CA44C04}"
EndProject
Global
	GlobalSection(SolutionConfigurationPlatforms) = preSolution
		Debug|Any CPU = Debug|Any CPU
		Release|Any CPU = Release|Any CPU
	EndGlobalSection
	GlobalSection(ProjectConfigurationPlatforms) = postSolution
		{391D6986-8A50-437B-AC21-20237CA44C04}.Debug|Any CPU.ActiveCfg = Debug|Any CPU
		{391D6986-8A50-437B-AC21-20237CA44C04}.Debug|Any CPU.Build.0 = Debug|Any CPU
		{391D6986-8A50-437B-AC21-20237CA44C04}.Release|Any CPU.ActiveCfg = Release|Any CPU
		{391D6986-8A50-437B-AC21-20237CA44C04}.Release|Any CPU.Build.0 = Release|Any CPU
	EndGlobalSection
	GlobalSection(SolutionProperties) = preSolution
		HideSolutionNode = FALSE
	EndGlobalSection
	GlobalSection(ExtensibilityGlobals) = postSolution
		SolutionGuid = {6B2790D4-C8FD-46C0-A552-19221AAE9DFD}
	EndGlobalSection
EndGlobal
