
Microsoft Visual Studio Solution File, Format Version 12.00
# Visual Studio Version 16
VisualStudioVersion = 16.0.33214.272
MinimumVisualStudioVersion = 10.0.40219.1
Project("{FAE04EC0-301F-11D3-BF4B-00C04F79EFBC}") = "43-Sayi_Tamin_Oyunu", "43-Sayi_Tamin_Oyunu.csproj", "{748F4DE8-00DC-4909-9545-4EC6B5C1C83F}"
EndProject
Global
	GlobalSection(SolutionConfigurationPlatforms) = preSolution
		Debug|Any CPU = Debug|Any CPU
		Release|Any CPU = Release|Any CPU
	EndGlobalSection
	GlobalSection(ProjectConfigurationPlatforms) = postSolution
		{748F4DE8-00DC-4909-9545-4EC6B5C1C83F}.Debug|Any CPU.ActiveCfg = Debug|Any CPU
		{748F4DE8-00DC-4909-9545-4EC6B5C1C83F}.Debug|Any CPU.Build.0 = Debug|Any CPU
		{748F4DE8-00DC-4909-9545-4EC6B5C1C83F}.Release|Any CPU.ActiveCfg = Release|Any CPU
		{748F4DE8-00DC-4909-9545-4EC6B5C1C83F}.Release|Any CPU.Build.0 = Release|Any CPU
	EndGlobalSection
	GlobalSection(SolutionProperties) = preSolution
		HideSolutionNode = FALSE
	EndGlobalSection
	GlobalSection(ExtensibilityGlobals) = postSolution
		SolutionGuid = {1D9EC917-BE68-4111-9C47-0FFDCDDDC6D8}
	EndGlobalSection
EndGlobal
