
Microsoft Visual Studio Solution File, Format Version 12.00
# Visual Studio Version 16
VisualStudioVersion = 16.0.33214.272
MinimumVisualStudioVersion = 10.0.40219.1
Project("{FAE04EC0-301F-11D3-BF4B-00C04F79EFBC}") = "16-Kitaplik_Trigger", "16-Kitaplik_Trigger.csproj", "{2CDE3C07-8C7B-40BB-AA2F-B56850EC4984}"
EndProject
Global
	GlobalSection(SolutionConfigurationPlatforms) = preSolution
		Debug|Any CPU = Debug|Any CPU
		Release|Any CPU = Release|Any CPU
	EndGlobalSection
	GlobalSection(ProjectConfigurationPlatforms) = postSolution
		{2CDE3C07-8C7B-40BB-AA2F-B56850EC4984}.Debug|Any CPU.ActiveCfg = Debug|Any CPU
		{2CDE3C07-8C7B-40BB-AA2F-B56850EC4984}.Debug|Any CPU.Build.0 = Debug|Any CPU
		{2CDE3C07-8C7B-40BB-AA2F-B56850EC4984}.Release|Any CPU.ActiveCfg = Release|Any CPU
		{2CDE3C07-8C7B-40BB-AA2F-B56850EC4984}.Release|Any CPU.Build.0 = Release|Any CPU
	EndGlobalSection
	GlobalSection(SolutionProperties) = preSolution
		HideSolutionNode = FALSE
	EndGlobalSection
	GlobalSection(ExtensibilityGlobals) = postSolution
		SolutionGuid = {39A440EA-3085-4343-AD63-1002B01FCAA2}
	EndGlobalSection
EndGlobal
