
Microsoft Visual Studio Solution File, Format Version 12.00
# Visual Studio Version 16
VisualStudioVersion = 16.0.33214.272
MinimumVisualStudioVersion = 10.0.40219.1
Project("{FAE04EC0-301F-11D3-BF4B-00C04F79EFBC}") = "02-String_Ornekleri", "02-String_Ornekleri.csproj", "{A132A7C2-26D0-4104-99BC-7E5E440E302D}"
EndProject
Global
	GlobalSection(SolutionConfigurationPlatforms) = preSolution
		Debug|Any CPU = Debug|Any CPU
		Release|Any CPU = Release|Any CPU
	EndGlobalSection
	GlobalSection(ProjectConfigurationPlatforms) = postSolution
		{A132A7C2-26D0-4104-99BC-7E5E440E302D}.Debug|Any CPU.ActiveCfg = Debug|Any CPU
		{A132A7C2-26D0-4104-99BC-7E5E440E302D}.Debug|Any CPU.Build.0 = Debug|Any CPU
		{A132A7C2-26D0-4104-99BC-7E5E440E302D}.Release|Any CPU.ActiveCfg = Release|Any CPU
		{A132A7C2-26D0-4104-99BC-7E5E440E302D}.Release|Any CPU.Build.0 = Release|Any CPU
	EndGlobalSection
	GlobalSection(SolutionProperties) = preSolution
		HideSolutionNode = FALSE
	EndGlobalSection
	GlobalSection(ExtensibilityGlobals) = postSolution
		SolutionGuid = {D53E9ABB-3FA2-4A43-A311-137B720418AE}
	EndGlobalSection
EndGlobal
