
Microsoft Visual Studio Solution File, Format Version 12.00
# Visual Studio Version 16
VisualStudioVersion = 16.0.33214.272
MinimumVisualStudioVersion = 10.0.40219.1
Project("{FAE04EC0-301F-11D3-BF4B-00C04F79EFBC}") = "08-Matematik_Fonksiyonlari", "08-Matematik_Fonksiyonlari.csproj", "{B16D95CE-DB7B-4175-BE30-B00DBB31A38D}"
EndProject
Global
	GlobalSection(SolutionConfigurationPlatforms) = preSolution
		Debug|Any CPU = Debug|Any CPU
		Release|Any CPU = Release|Any CPU
	EndGlobalSection
	GlobalSection(ProjectConfigurationPlatforms) = postSolution
		{B16D95CE-DB7B-4175-BE30-B00DBB31A38D}.Debug|Any CPU.ActiveCfg = Debug|Any CPU
		{B16D95CE-DB7B-4175-BE30-B00DBB31A38D}.Debug|Any CPU.Build.0 = Debug|Any CPU
		{B16D95CE-DB7B-4175-BE30-B00DBB31A38D}.Release|Any CPU.ActiveCfg = Release|Any CPU
		{B16D95CE-DB7B-4175-BE30-B00DBB31A38D}.Release|Any CPU.Build.0 = Release|Any CPU
	EndGlobalSection
	GlobalSection(SolutionProperties) = preSolution
		HideSolutionNode = FALSE
	EndGlobalSection
	GlobalSection(ExtensibilityGlobals) = postSolution
		SolutionGuid = {119CF8EB-D46A-46C1-AFD1-25FB6D8F88F2}
	EndGlobalSection
EndGlobal
