
Microsoft Visual Studio Solution File, Format Version 12.00
# Visual Studio Version 16
VisualStudioVersion = 16.0.33214.272
MinimumVisualStudioVersion = 10.0.40219.1
Project("{FAE04EC0-301F-11D3-BF4B-00C04F79EFBC}") = "05-Timer_Kullanimi", "05-Timer_Kullanimi.csproj", "{EE19280C-D024-4331-A27D-775D2866B0C3}"
EndProject
Global
	GlobalSection(SolutionConfigurationPlatforms) = preSolution
		Debug|Any CPU = Debug|Any CPU
		Release|Any CPU = Release|Any CPU
	EndGlobalSection
	GlobalSection(ProjectConfigurationPlatforms) = postSolution
		{EE19280C-D024-4331-A27D-775D2866B0C3}.Debug|Any CPU.ActiveCfg = Debug|Any CPU
		{EE19280C-D024-4331-A27D-775D2866B0C3}.Debug|Any CPU.Build.0 = Debug|Any CPU
		{EE19280C-D024-4331-A27D-775D2866B0C3}.Release|Any CPU.ActiveCfg = Release|Any CPU
		{EE19280C-D024-4331-A27D-775D2866B0C3}.Release|Any CPU.Build.0 = Release|Any CPU
	EndGlobalSection
	GlobalSection(SolutionProperties) = preSolution
		HideSolutionNode = FALSE
	EndGlobalSection
	GlobalSection(ExtensibilityGlobals) = postSolution
		SolutionGuid = {00020F68-F5BF-43AA-878B-EA21936540DE}
	EndGlobalSection
EndGlobal
