
Microsoft Visual Studio Solution File, Format Version 12.00
# Visual Studio Version 16
VisualStudioVersion = 16.0.33214.272
MinimumVisualStudioVersion = 10.0.40219.1
Project("{FAE04EC0-301F-11D3-BF4B-00C04F79EFBC}") = "06-Ornek_Uygulama", "06-Ornek_Uygulama.csproj", "{2441A8EE-B5A9-4068-81DC-ADC353987E5F}"
EndProject
Global
	GlobalSection(SolutionConfigurationPlatforms) = preSolution
		Debug|Any CPU = Debug|Any CPU
		Release|Any CPU = Release|Any CPU
	EndGlobalSection
	GlobalSection(ProjectConfigurationPlatforms) = postSolution
		{2441A8EE-B5A9-4068-81DC-ADC353987E5F}.Debug|Any CPU.ActiveCfg = Debug|Any CPU
		{2441A8EE-B5A9-4068-81DC-ADC353987E5F}.Debug|Any CPU.Build.0 = Debug|Any CPU
		{2441A8EE-B5A9-4068-81DC-ADC353987E5F}.Release|Any CPU.ActiveCfg = Release|Any CPU
		{2441A8EE-B5A9-4068-81DC-ADC353987E5F}.Release|Any CPU.Build.0 = Release|Any CPU
	EndGlobalSection
	GlobalSection(SolutionProperties) = preSolution
		HideSolutionNode = FALSE
	EndGlobalSection
	GlobalSection(ExtensibilityGlobals) = postSolution
		SolutionGuid = {A6DDC4C8-0389-4BDB-958C-21E33F780E31}
	EndGlobalSection
EndGlobal
