
Microsoft Visual Studio Solution File, Format Version 12.00
# Visual Studio Version 16
VisualStudioVersion = 16.0.33214.272
MinimumVisualStudioVersion = 10.0.40219.1
Project("{FAE04EC0-301F-11D3-BF4B-00C04F79EFBC}") = "12-Access_Veri_Tabani", "12-Access_Veri_Tabani.csproj", "{20250D48-62E4-43A5-B05D-D242AA723832}"
EndProject
Global
	GlobalSection(SolutionConfigurationPlatforms) = preSolution
		Debug|Any CPU = Debug|Any CPU
		Release|Any CPU = Release|Any CPU
	EndGlobalSection
	GlobalSection(ProjectConfigurationPlatforms) = postSolution
		{20250D48-62E4-43A5-B05D-D242AA723832}.Debug|Any CPU.ActiveCfg = Debug|Any CPU
		{20250D48-62E4-43A5-B05D-D242AA723832}.Debug|Any CPU.Build.0 = Debug|Any CPU
		{20250D48-62E4-43A5-B05D-D242AA723832}.Release|Any CPU.ActiveCfg = Release|Any CPU
		{20250D48-62E4-43A5-B05D-D242AA723832}.Release|Any CPU.Build.0 = Release|Any CPU
	EndGlobalSection
	GlobalSection(SolutionProperties) = preSolution
		HideSolutionNode = FALSE
	EndGlobalSection
	GlobalSection(ExtensibilityGlobals) = postSolution
		SolutionGuid = {C1538EBE-8A5D-46B7-9478-405DAA258130}
	EndGlobalSection
EndGlobal
