
Microsoft Visual Studio Solution File, Format Version 12.00
# Visual Studio Version 16
VisualStudioVersion = 16.0.33214.272
MinimumVisualStudioVersion = 10.0.40219.1
Project("{FAE04EC0-301F-11D3-BF4B-00C04F79EFBC}") = "27-Matematiksel_Fonksiyonlar", "27-Matematiksel_Fonksiyonlar.csproj", "{D995BCC1-0FE9-4EE1-9BC2-0919B462A4A6}"
EndProject
Global
	GlobalSection(SolutionConfigurationPlatforms) = preSolution
		Debug|Any CPU = Debug|Any CPU
		Release|Any CPU = Release|Any CPU
	EndGlobalSection
	GlobalSection(ProjectConfigurationPlatforms) = postSolution
		{D995BCC1-0FE9-4EE1-9BC2-0919B462A4A6}.Debug|Any CPU.ActiveCfg = Debug|Any CPU
		{D995BCC1-0FE9-4EE1-9BC2-0919B462A4A6}.Debug|Any CPU.Build.0 = Debug|Any CPU
		{D995BCC1-0FE9-4EE1-9BC2-0919B462A4A6}.Release|Any CPU.ActiveCfg = Release|Any CPU
		{D995BCC1-0FE9-4EE1-9BC2-0919B462A4A6}.Release|Any CPU.Build.0 = Release|Any CPU
	EndGlobalSection
	GlobalSection(SolutionProperties) = preSolution
		HideSolutionNode = FALSE
	EndGlobalSection
	GlobalSection(ExtensibilityGlobals) = postSolution
		SolutionGuid = {46301334-AE6F-48A0-95E6-06772F92C94C}
	EndGlobalSection
EndGlobal
