
Microsoft Visual Studio Solution File, Format Version 12.00
# Visual Studio Version 16
VisualStudioVersion = 16.0.33214.272
MinimumVisualStudioVersion = 10.0.40219.1
Project("{FAE04EC0-301F-11D3-BF4B-00C04F79EFBC}") = "41-Bilgi_Yarismasi_Oyunu", "41-Bilgi_Yarismasi_Oyunu.csproj", "{A340FA48-CFBA-4D0D-A1B6-EE496F6A908F}"
EndProject
Global
	GlobalSection(SolutionConfigurationPlatforms) = preSolution
		Debug|Any CPU = Debug|Any CPU
		Release|Any CPU = Release|Any CPU
	EndGlobalSection
	GlobalSection(ProjectConfigurationPlatforms) = postSolution
		{A340FA48-CFBA-4D0D-A1B6-EE496F6A908F}.Debug|Any CPU.ActiveCfg = Debug|Any CPU
		{A340FA48-CFBA-4D0D-A1B6-EE496F6A908F}.Debug|Any CPU.Build.0 = Debug|Any CPU
		{A340FA48-CFBA-4D0D-A1B6-EE496F6A908F}.Release|Any CPU.ActiveCfg = Release|Any CPU
		{A340FA48-CFBA-4D0D-A1B6-EE496F6A908F}.Release|Any CPU.Build.0 = Release|Any CPU
	EndGlobalSection
	GlobalSection(SolutionProperties) = preSolution
		HideSolutionNode = FALSE
	EndGlobalSection
	GlobalSection(ExtensibilityGlobals) = postSolution
		SolutionGuid = {63505176-1D30-45CC-B84A-8EEB9AB25F14}
	EndGlobalSection
EndGlobal
