
Microsoft Visual Studio Solution File, Format Version 12.00
# Visual Studio Version 16
VisualStudioVersion = 16.0.33214.272
MinimumVisualStudioVersion = 10.0.40219.1
Project("{FAE04EC0-301F-11D3-BF4B-00C04F79EFBC}") = "05-Double_Degiskenler", "05-Double_Degiskenler.csproj", "{745F6D83-BB5D-465F-B299-5C43364A1E1A}"
EndProject
Global
	GlobalSection(SolutionConfigurationPlatforms) = preSolution
		Debug|Any CPU = Debug|Any CPU
		Release|Any CPU = Release|Any CPU
	EndGlobalSection
	GlobalSection(ProjectConfigurationPlatforms) = postSolution
		{745F6D83-BB5D-465F-B299-5C43364A1E1A}.Debug|Any CPU.ActiveCfg = Debug|Any CPU
		{745F6D83-BB5D-465F-B299-5C43364A1E1A}.Debug|Any CPU.Build.0 = Debug|Any CPU
		{745F6D83-BB5D-465F-B299-5C43364A1E1A}.Release|Any CPU.ActiveCfg = Release|Any CPU
		{745F6D83-BB5D-465F-B299-5C43364A1E1A}.Release|Any CPU.Build.0 = Release|Any CPU
	EndGlobalSection
	GlobalSection(SolutionProperties) = preSolution
		HideSolutionNode = FALSE
	EndGlobalSection
	GlobalSection(ExtensibilityGlobals) = postSolution
		SolutionGuid = {F467A884-3592-408E-9A9C-F0AA24BD7BE3}
	EndGlobalSection
EndGlobal
