
Microsoft Visual Studio Solution File, Format Version 12.00
# Visual Studio Version 16
VisualStudioVersion = 16.0.33214.272
MinimumVisualStudioVersion = 10.0.40219.1
Project("{FAE04EC0-301F-11D3-BF4B-00C04F79EFBC}") = "09-Dinamik_Araclar", "09-Dinamik_Araclar.csproj", "{163079BF-8CAF-49FF-8797-B3351F4519DE}"
EndProject
Global
	GlobalSection(SolutionConfigurationPlatforms) = preSolution
		Debug|Any CPU = Debug|Any CPU
		Release|Any CPU = Release|Any CPU
	EndGlobalSection
	GlobalSection(ProjectConfigurationPlatforms) = postSolution
		{163079BF-8CAF-49FF-8797-B3351F4519DE}.Debug|Any CPU.ActiveCfg = Debug|Any CPU
		{163079BF-8CAF-49FF-8797-B3351F4519DE}.Debug|Any CPU.Build.0 = Debug|Any CPU
		{163079BF-8CAF-49FF-8797-B3351F4519DE}.Release|Any CPU.ActiveCfg = Release|Any CPU
		{163079BF-8CAF-49FF-8797-B3351F4519DE}.Release|Any CPU.Build.0 = Release|Any CPU
	EndGlobalSection
	GlobalSection(SolutionProperties) = preSolution
		HideSolutionNode = FALSE
	EndGlobalSection
	GlobalSection(ExtensibilityGlobals) = postSolution
		SolutionGuid = {0ED6C46A-0D29-48A3-8257-06F1B51A9240}
	EndGlobalSection
EndGlobal
