
Microsoft Visual Studio Solution File, Format Version 12.00
# Visual Studio Version 16
VisualStudioVersion = 16.0.33214.272
MinimumVisualStudioVersion = 10.0.40219.1
Project("{FAE04EC0-301F-11D3-BF4B-00C04F79EFBC}") = "14-Banka_Simulasyonu", "14-Banka_Simulasyonu.csproj", "{5BC927D0-3C74-4B12-B39F-1392FE471AA9}"
EndProject
Global
	GlobalSection(SolutionConfigurationPlatforms) = preSolution
		Debug|Any CPU = Debug|Any CPU
		Release|Any CPU = Release|Any CPU
	EndGlobalSection
	GlobalSection(ProjectConfigurationPlatforms) = postSolution
		{5BC927D0-3C74-4B12-B39F-1392FE471AA9}.Debug|Any CPU.ActiveCfg = Debug|Any CPU
		{5BC927D0-3C74-4B12-B39F-1392FE471AA9}.Debug|Any CPU.Build.0 = Debug|Any CPU
		{5BC927D0-3C74-4B12-B39F-1392FE471AA9}.Release|Any CPU.ActiveCfg = Release|Any CPU
		{5BC927D0-3C74-4B12-B39F-1392FE471AA9}.Release|Any CPU.Build.0 = Release|Any CPU
	EndGlobalSection
	GlobalSection(SolutionProperties) = preSolution
		HideSolutionNode = FALSE
	EndGlobalSection
	GlobalSection(ExtensibilityGlobals) = postSolution
		SolutionGuid = {19161250-1C8F-4D9B-98FC-95EECD3FA098}
	EndGlobalSection
EndGlobal
