
Microsoft Visual Studio Solution File, Format Version 12.00
# Visual Studio Version 16
VisualStudioVersion = 16.0.33214.272
MinimumVisualStudioVersion = 10.0.40219.1
Project("{FAE04EC0-301F-11D3-BF4B-00C04F79EFBC}") = "02-Int_Degiskenler", "02-Int_Degiskenler.csproj", "{12CB0815-8F9A-4949-836F-702301C4F19F}"
EndProject
Global
	GlobalSection(SolutionConfigurationPlatforms) = preSolution
		Debug|Any CPU = Debug|Any CPU
		Release|Any CPU = Release|Any CPU
	EndGlobalSection
	GlobalSection(ProjectConfigurationPlatforms) = postSolution
		{12CB0815-8F9A-4949-836F-702301C4F19F}.Debug|Any CPU.ActiveCfg = Debug|Any CPU
		{12CB0815-8F9A-4949-836F-702301C4F19F}.Debug|Any CPU.Build.0 = Debug|Any CPU
		{12CB0815-8F9A-4949-836F-702301C4F19F}.Release|Any CPU.ActiveCfg = Release|Any CPU
		{12CB0815-8F9A-4949-836F-702301C4F19F}.Release|Any CPU.Build.0 = Release|Any CPU
	EndGlobalSection
	GlobalSection(SolutionProperties) = preSolution
		HideSolutionNode = FALSE
	EndGlobalSection
	GlobalSection(ExtensibilityGlobals) = postSolution
		SolutionGuid = {C5593146-6AFB-4DDB-92F0-A4D8D1192FD5}
	EndGlobalSection
EndGlobal
