
Microsoft Visual Studio Solution File, Format Version 12.00
# Visual Studio Version 16
VisualStudioVersion = 16.0.33214.272
MinimumVisualStudioVersion = 10.0.40219.1
Project("{FAE04EC0-301F-11D3-BF4B-00C04F79EFBC}") = "06-Iliskili_Tablolar_ile_E-Okul_Projesi", "06-Iliskili_Tablolar_ile_E-Okul_Projesi.csproj", "{C173DFEE-A3F4-4203-97AA-7BB20E94D988}"
EndProject
Global
	GlobalSection(SolutionConfigurationPlatforms) = preSolution
		Debug|Any CPU = Debug|Any CPU
		Release|Any CPU = Release|Any CPU
	EndGlobalSection
	GlobalSection(ProjectConfigurationPlatforms) = postSolution
		{C173DFEE-A3F4-4203-97AA-7BB20E94D988}.Debug|Any CPU.ActiveCfg = Debug|Any CPU
		{C173DFEE-A3F4-4203-97AA-7BB20E94D988}.Debug|Any CPU.Build.0 = Debug|Any CPU
		{C173DFEE-A3F4-4203-97AA-7BB20E94D988}.Release|Any CPU.ActiveCfg = Release|Any CPU
		{C173DFEE-A3F4-4203-97AA-7BB20E94D988}.Release|Any CPU.Build.0 = Release|Any CPU
	EndGlobalSection
	GlobalSection(SolutionProperties) = preSolution
		HideSolutionNode = FALSE
	EndGlobalSection
	GlobalSection(ExtensibilityGlobals) = postSolution
		SolutionGuid = {6EDE0A46-1FE7-4169-93D3-84662A821769}
	EndGlobalSection
EndGlobal
