
Microsoft Visual Studio Solution File, Format Version 12.00
# Visual Studio Version 16
VisualStudioVersion = 16.0.33214.272
MinimumVisualStudioVersion = 10.0.40219.1
Project("{FAE04EC0-301F-11D3-BF4B-00C04F79EFBC}") = "02-Pratik_Ornek_1", "02-Pratik_Ornek_1.csproj", "{A6B93647-26D8-4B72-BD97-40A5AEC0D9D4}"
EndProject
Global
	GlobalSection(SolutionConfigurationPlatforms) = preSolution
		Debug|Any CPU = Debug|Any CPU
		Release|Any CPU = Release|Any CPU
	EndGlobalSection
	GlobalSection(ProjectConfigurationPlatforms) = postSolution
		{A6B93647-26D8-4B72-BD97-40A5AEC0D9D4}.Debug|Any CPU.ActiveCfg = Debug|Any CPU
		{A6B93647-26D8-4B72-BD97-40A5AEC0D9D4}.Debug|Any CPU.Build.0 = Debug|Any CPU
		{A6B93647-26D8-4B72-BD97-40A5AEC0D9D4}.Release|Any CPU.ActiveCfg = Release|Any CPU
		{A6B93647-26D8-4B72-BD97-40A5AEC0D9D4}.Release|Any CPU.Build.0 = Release|Any CPU
	EndGlobalSection
	GlobalSection(SolutionProperties) = preSolution
		HideSolutionNode = FALSE
	EndGlobalSection
	GlobalSection(ExtensibilityGlobals) = postSolution
		SolutionGuid = {9E404ECC-AA2F-45AF-98FD-63FFB4F79388}
	EndGlobalSection
EndGlobal
