
Microsoft Visual Studio Solution File, Format Version 12.00
# Visual Studio Version 16
VisualStudioVersion = 16.0.33214.272
MinimumVisualStudioVersion = 10.0.40219.1
Project("{FAE04EC0-301F-11D3-BF4B-00C04F79EFBC}") = "02-Chart_Araci_Kullanimi", "02-Chart_Araci_Kullanimi.csproj", "{D9DFA645-FC9E-45A1-9CA4-5378E7A7FDF3}"
EndProject
Global
	GlobalSection(SolutionConfigurationPlatforms) = preSolution
		Debug|Any CPU = Debug|Any CPU
		Release|Any CPU = Release|Any CPU
	EndGlobalSection
	GlobalSection(ProjectConfigurationPlatforms) = postSolution
		{D9DFA645-FC9E-45A1-9CA4-5378E7A7FDF3}.Debug|Any CPU.ActiveCfg = Debug|Any CPU
		{D9DFA645-FC9E-45A1-9CA4-5378E7A7FDF3}.Debug|Any CPU.Build.0 = Debug|Any CPU
		{D9DFA645-FC9E-45A1-9CA4-5378E7A7FDF3}.Release|Any CPU.ActiveCfg = Release|Any CPU
		{D9DFA645-FC9E-45A1-9CA4-5378E7A7FDF3}.Release|Any CPU.Build.0 = Release|Any CPU
	EndGlobalSection
	GlobalSection(SolutionProperties) = preSolution
		HideSolutionNode = FALSE
	EndGlobalSection
	GlobalSection(ExtensibilityGlobals) = postSolution
		SolutionGuid = {91B6C396-34BD-41CD-A193-72D9048BC97F}
	EndGlobalSection
EndGlobal
