
Microsoft Visual Studio Solution File, Format Version 12.00
# Visual Studio Version 16
VisualStudioVersion = 16.0.33214.272
MinimumVisualStudioVersion = 10.0.40219.1
Project("{FAE04EC0-301F-11D3-BF4B-00C04F79EFBC}") = "28-Zaman_Fonksiyonlari", "28-Zaman_Fonksiyonlari.csproj", "{9FAA34B0-41EC-401C-9720-5FE53D8B2682}"
EndProject
Global
	GlobalSection(SolutionConfigurationPlatforms) = preSolution
		Debug|Any CPU = Debug|Any CPU
		Release|Any CPU = Release|Any CPU
	EndGlobalSection
	GlobalSection(ProjectConfigurationPlatforms) = postSolution
		{9FAA34B0-41EC-401C-9720-5FE53D8B2682}.Debug|Any CPU.ActiveCfg = Debug|Any CPU
		{9FAA34B0-41EC-401C-9720-5FE53D8B2682}.Debug|Any CPU.Build.0 = Debug|Any CPU
		{9FAA34B0-41EC-401C-9720-5FE53D8B2682}.Release|Any CPU.ActiveCfg = Release|Any CPU
		{9FAA34B0-41EC-401C-9720-5FE53D8B2682}.Release|Any CPU.Build.0 = Release|Any CPU
	EndGlobalSection
	GlobalSection(SolutionProperties) = preSolution
		HideSolutionNode = FALSE
	EndGlobalSection
	GlobalSection(ExtensibilityGlobals) = postSolution
		SolutionGuid = {4C7F4172-068B-477B-86B2-0C2DD22F41DC}
	EndGlobalSection
EndGlobal
