
Microsoft Visual Studio Solution File, Format Version 12.00
# Visual Studio Version 16
VisualStudioVersion = 16.0.33214.272
MinimumVisualStudioVersion = 10.0.40219.1
Project("{FAE04EC0-301F-11D3-BF4B-00C04F79EFBC}") = "01-For_Dongusu", "01-For_Dongusu.csproj", "{42AA06D7-40DD-4853-B193-7235C621871F}"
EndProject
Global
	GlobalSection(SolutionConfigurationPlatforms) = preSolution
		Debug|Any CPU = Debug|Any CPU
		Release|Any CPU = Release|Any CPU
	EndGlobalSection
	GlobalSection(ProjectConfigurationPlatforms) = postSolution
		{42AA06D7-40DD-4853-B193-7235C621871F}.Debug|Any CPU.ActiveCfg = Debug|Any CPU
		{42AA06D7-40DD-4853-B193-7235C621871F}.Debug|Any CPU.Build.0 = Debug|Any CPU
		{42AA06D7-40DD-4853-B193-7235C621871F}.Release|Any CPU.ActiveCfg = Release|Any CPU
		{42AA06D7-40DD-4853-B193-7235C621871F}.Release|Any CPU.Build.0 = Release|Any CPU
	EndGlobalSection
	GlobalSection(SolutionProperties) = preSolution
		HideSolutionNode = FALSE
	EndGlobalSection
	GlobalSection(ExtensibilityGlobals) = postSolution
		SolutionGuid = {C058AA3E-74BB-4512-82DC-1CAD87F6EF3F}
	EndGlobalSection
EndGlobal
