
Microsoft Visual Studio Solution File, Format Version 12.00
# Visual Studio Version 16
VisualStudioVersion = 16.0.33214.272
MinimumVisualStudioVersion = 10.0.40219.1
Project("{FAE04EC0-301F-11D3-BF4B-00C04F79EFBC}") = "10-Donguler_1", "10-Donguler_1.csproj", "{07AAA7DA-F021-45C9-8EF5-ABE1B0E623EA}"
EndProject
Global
	GlobalSection(SolutionConfigurationPlatforms) = preSolution
		Debug|Any CPU = Debug|Any CPU
		Release|Any CPU = Release|Any CPU
	EndGlobalSection
	GlobalSection(ProjectConfigurationPlatforms) = postSolution
		{07AAA7DA-F021-45C9-8EF5-ABE1B0E623EA}.Debug|Any CPU.ActiveCfg = Debug|Any CPU
		{07AAA7DA-F021-45C9-8EF5-ABE1B0E623EA}.Debug|Any CPU.Build.0 = Debug|Any CPU
		{07AAA7DA-F021-45C9-8EF5-ABE1B0E623EA}.Release|Any CPU.ActiveCfg = Release|Any CPU
		{07AAA7DA-F021-45C9-8EF5-ABE1B0E623EA}.Release|Any CPU.Build.0 = Release|Any CPU
	EndGlobalSection
	GlobalSection(SolutionProperties) = preSolution
		HideSolutionNode = FALSE
	EndGlobalSection
	GlobalSection(ExtensibilityGlobals) = postSolution
		SolutionGuid = {F9BDE63C-2060-4C6C-8D52-2B087DB5175B}
	EndGlobalSection
EndGlobal
