
Microsoft Visual Studio Solution File, Format Version 12.00
# Visual Studio Version 16
VisualStudioVersion = 16.0.33214.272
MinimumVisualStudioVersion = 10.0.40219.1
Project("{FAE04EC0-301F-11D3-BF4B-00C04F79EFBC}") = "19-Float_Degiskeni", "19-Float_Degiskeni.csproj", "{122C7818-21A4-46E6-8CF2-934074A19E72}"
EndProject
Global
	GlobalSection(SolutionConfigurationPlatforms) = preSolution
		Debug|Any CPU = Debug|Any CPU
		Release|Any CPU = Release|Any CPU
	EndGlobalSection
	GlobalSection(ProjectConfigurationPlatforms) = postSolution
		{122C7818-21A4-46E6-8CF2-934074A19E72}.Debug|Any CPU.ActiveCfg = Debug|Any CPU
		{122C7818-21A4-46E6-8CF2-934074A19E72}.Debug|Any CPU.Build.0 = Debug|Any CPU
		{122C7818-21A4-46E6-8CF2-934074A19E72}.Release|Any CPU.ActiveCfg = Release|Any CPU
		{122C7818-21A4-46E6-8CF2-934074A19E72}.Release|Any CPU.Build.0 = Release|Any CPU
	EndGlobalSection
	GlobalSection(SolutionProperties) = preSolution
		HideSolutionNode = FALSE
	EndGlobalSection
	GlobalSection(ExtensibilityGlobals) = postSolution
		SolutionGuid = {78D023DF-8596-41A1-9470-E229EE751ED3}
	EndGlobalSection
EndGlobal
